{
  "version": 4,
  "terraform_version": "1.14.4",
  "serial": 47,
  "lineage": "9f43a93e-8d86-9c89-ea59-7d70fa0f41eb",
  "outputs": {},
  "resources": [
    {
      "mode": "managed",
      "type": "aws_api_gateway_method",
      "name": "GetCardById",
      "provider": "provider[\"registry.terraform.io/hashicorp/aws\"]",
      "instances": [
        {
          "schema_version": 0,
          "attributes": {
            "api_key_required": false,
            "authorization": "NONE",
            "authorization_scopes": [],
            "authorizer_id": "",
            "http_method": "GET",
            "id": "agm-91aj1j1jxd-gvfdek-GET",
            "operation_name": "",
            "region": "us-east-1",
            "request_models": {},
            "request_parameters": {},
            "request_validator_id": "",
            "resource_id": "gvfdek",
            "rest_api_id": "91aj1j1jxd"
          },
          "sensitive_attributes": [],
          "identity_schema_version": 0,
          "private": "bnVsbA==",
          "dependencies": [
            "aws_api_gateway_resource.Card",
            "aws_api_gateway_resource.CardPaid",
            "aws_api_gateway_resource.CardPaidById",
            "aws_api_gateway_rest_api.Api-Card"
          ]
        }
      ]
    },
    {
      "mode": "managed",
      "type": "aws_api_gateway_method",
      "name": "PostCardActivate",
      "provider": "provider[\"registry.terraform.io/hashicorp/aws\"]",
      "instances": [
        {
          "schema_version": 0,
          "attributes": {
            "api_key_required": false,
            "authorization": "NONE",
            "authorization_scopes": [],
            "authorizer_id": "",
            "http_method": "POST",
            "id": "agm-91aj1j1jxd-25uqbv-POST",
            "operation_name": "",
            "region": "us-east-1",
            "request_models": {},
            "request_parameters": {},
            "request_validator_id": "",
            "resource_id": "25uqbv",
            "rest_api_id": "91aj1j1jxd"
          },
          "sensitive_attributes": [],
          "identity_schema_version": 0,
          "private": "bnVsbA==",
          "dependencies": [
            "aws_api_gateway_resource.Card",
            "aws_api_gateway_resource.CardActivate",
            "aws_api_gateway_rest_api.Api-Card"
          ]
        }
      ]
    },
    {
      "mode": "managed",
      "type": "aws_api_gateway_method",
      "name": "PostCardPaid",
      "provider": "provider[\"registry.terraform.io/hashicorp/aws\"]",
      "instances": [
        {
          "schema_version": 0,
          "attributes": {
            "api_key_required": false,
            "authorization": "NONE",
            "authorization_scopes": [],
            "authorizer_id": "",
            "http_method": "POST",
            "id": "agm-91aj1j1jxd-gvfdek-POST",
            "operation_name": "",
            "region": "us-east-1",
            "request_models": {},
            "request_parameters": {},
            "request_validator_id": "",
            "resource_id": "gvfdek",
            "rest_api_id": "91aj1j1jxd"
          },
          "sensitive_attributes": [],
          "identity_schema_version": 0,
          "private": "bnVsbA==",
          "dependencies": [
            "aws_api_gateway_resource.Card",
            "aws_api_gateway_resource.CardPaid",
            "aws_api_gateway_resource.CardPaidById",
            "aws_api_gateway_rest_api.Api-Card"
          ]
        }
      ]
    },
    {
      "mode": "managed",
      "type": "aws_api_gateway_method",
      "name": "PostTransactionsPurchase",
      "provider": "provider[\"registry.terraform.io/hashicorp/aws\"]",
      "instances": [
        {
          "schema_version": 0,
          "attributes": {
            "api_key_required": false,
            "authorization": "NONE",
            "authorization_scopes": [],
            "authorizer_id": "",
            "http_method": "POST",
            "id": "agm-91aj1j1jxd-tx30t6-POST",
            "operation_name": "",
            "region": "us-east-1",
            "request_models": {},
            "request_parameters": {},
            "request_validator_id": "",
            "resource_id": "tx30t6",
            "rest_api_id": "91aj1j1jxd"
          },
          "sensitive_attributes": [],
          "identity_schema_version": 0,
          "private": "bnVsbA==",
          "dependencies": [
            "aws_api_gateway_resource.Transactions",
            "aws_api_gateway_resource.TransactionsPurchase",
            "aws_api_gateway_rest_api.Api-Card"
          ]
        }
      ]
    },
    {
      "mode": "managed",
      "type": "aws_api_gateway_method",
      "name": "PostTransactionsSave",
      "provider": "provider[\"registry.terraform.io/hashicorp/aws\"]",
      "instances": [
        {
          "schema_version": 0,
          "attributes": {
            "api_key_required": false,
            "authorization": "NONE",
            "authorization_scopes": [],
            "authorizer_id": "",
            "http_method": "POST",
            "id": "agm-91aj1j1jxd-lmfagk-POST",
            "operation_name": "",
            "region": "us-east-1",
            "request_models": {},
            "request_parameters": {},
            "request_validator_id": "",
            "resource_id": "lmfagk",
            "rest_api_id": "91aj1j1jxd"
          },
          "sensitive_attributes": [],
          "identity_schema_version": 0,
          "private": "bnVsbA==",
          "dependencies": [
            "aws_api_gateway_resource.Transactions",
            "aws_api_gateway_resource.TransactionsSave",
            "aws_api_gateway_resource.TransactionsSaveById",
            "aws_api_gateway_rest_api.Api-Card"
          ]
        }
      ]
    },
    {
      "mode": "managed",
      "type": "aws_api_gateway_resource",
      "name": "Card",
      "provider": "provider[\"registry.terraform.io/hashicorp/aws\"]",
      "instances": [
        {
          "schema_version": 0,
          "attributes": {
            "id": "l50u8j",
            "parent_id": "rky2uothkg",
            "path": "/card",
            "path_part": "card",
            "region": "us-east-1",
            "rest_api_id": "91aj1j1jxd"
          },
          "sensitive_attributes": [],
          "identity_schema_version": 0,
          "private": "bnVsbA==",
          "dependencies": [
            "aws_api_gateway_rest_api.Api-Card"
          ]
        }
      ]
    },
    {
      "mode": "managed",
      "type": "aws_api_gateway_resource",
      "name": "CardActivate",
      "provider": "provider[\"registry.terraform.io/hashicorp/aws\"]",
      "instances": [
        {
          "schema_version": 0,
          "attributes": {
            "id": "25uqbv",
            "parent_id": "l50u8j",
            "path": "/card/activate",
            "path_part": "activate",
            "region": "us-east-1",
            "rest_api_id": "91aj1j1jxd"
          },
          "sensitive_attributes": [],
          "identity_schema_version": 0,
          "private": "bnVsbA==",
          "dependencies": [
            "aws_api_gateway_resource.Card",
            "aws_api_gateway_rest_api.Api-Card"
          ]
        }
      ]
    },
    {
      "mode": "managed",
      "type": "aws_api_gateway_resource",
      "name": "CardPaid",
      "provider": "provider[\"registry.terraform.io/hashicorp/aws\"]",
      "instances": [
        {
          "schema_version": 0,
          "attributes": {
            "id": "asd199",
            "parent_id": "l50u8j",
            "path": "/card/paid",
            "path_part": "paid",
            "region": "us-east-1",
            "rest_api_id": "91aj1j1jxd"
          },
          "sensitive_attributes": [],
          "identity_schema_version": 0,
          "private": "bnVsbA==",
          "dependencies": [
            "aws_api_gateway_resource.Card",
            "aws_api_gateway_rest_api.Api-Card"
          ]
        }
      ]
    },
    {
      "mode": "managed",
      "type": "aws_api_gateway_resource",
      "name": "CardPaidById",
      "provider": "provider[\"registry.terraform.io/hashicorp/aws\"]",
      "instances": [
        {
          "schema_version": 0,
          "attributes": {
            "id": "gvfdek",
            "parent_id": "asd199",
            "path": "/card/paid/{card_id}",
            "path_part": "{card_id}",
            "region": "us-east-1",
            "rest_api_id": "91aj1j1jxd"
          },
          "sensitive_attributes": [],
          "identity_schema_version": 0,
          "private": "bnVsbA==",
          "dependencies": [
            "aws_api_gateway_resource.Card",
            "aws_api_gateway_resource.CardPaid",
            "aws_api_gateway_rest_api.Api-Card"
          ]
        }
      ]
    },
    {
      "mode": "managed",
      "type": "aws_api_gateway_resource",
      "name": "Transactions",
      "provider": "provider[\"registry.terraform.io/hashicorp/aws\"]",
      "instances": [
        {
          "schema_version": 0,
          "attributes": {
            "id": "fem5g4",
            "parent_id": "rky2uothkg",
            "path": "/transactions",
            "path_part": "transactions",
            "region": "us-east-1",
            "rest_api_id": "91aj1j1jxd"
          },
          "sensitive_attributes": [],
          "identity_schema_version": 0,
          "private": "bnVsbA==",
          "dependencies": [
            "aws_api_gateway_rest_api.Api-Card"
          ]
        }
      ]
    },
    {
      "mode": "managed",
      "type": "aws_api_gateway_resource",
      "name": "TransactionsPurchase",
      "provider": "provider[\"registry.terraform.io/hashicorp/aws\"]",
      "instances": [
        {
          "schema_version": 0,
          "attributes": {
            "id": "tx30t6",
            "parent_id": "fem5g4",
            "path": "/transactions/purchase",
            "path_part": "purchase",
            "region": "us-east-1",
            "rest_api_id": "91aj1j1jxd"
          },
          "sensitive_attributes": [],
          "identity_schema_version": 0,
          "private": "bnVsbA==",
          "dependencies": [
            "aws_api_gateway_resource.Transactions",
            "aws_api_gateway_rest_api.Api-Card"
          ]
        }
      ]
    },
    {
      "mode": "managed",
      "type": "aws_api_gateway_resource",
      "name": "TransactionsSave",
      "provider": "provider[\"registry.terraform.io/hashicorp/aws\"]",
      "instances": [
        {
          "schema_version": 0,
          "attributes": {
            "id": "98rk60",
            "parent_id": "fem5g4",
            "path": "/transactions/save",
            "path_part": "save",
            "region": "us-east-1",
            "rest_api_id": "91aj1j1jxd"
          },
          "sensitive_attributes": [],
          "identity_schema_version": 0,
          "private": "bnVsbA==",
          "dependencies": [
            "aws_api_gateway_resource.Transactions",
            "aws_api_gateway_rest_api.Api-Card"
          ]
        }
      ]
    },
    {
      "mode": "managed",
      "type": "aws_api_gateway_resource",
      "name": "TransactionsSaveById",
      "provider": "provider[\"registry.terraform.io/hashicorp/aws\"]",
      "instances": [
        {
          "schema_version": 0,
          "attributes": {
            "id": "lmfagk",
            "parent_id": "98rk60",
            "path": "/transactions/save/{card_id}",
            "path_part": "{card_id}",
            "region": "us-east-1",
            "rest_api_id": "91aj1j1jxd"
          },
          "sensitive_attributes": [],
          "identity_schema_version": 0,
          "private": "bnVsbA==",
          "dependencies": [
            "aws_api_gateway_resource.Transactions",
            "aws_api_gateway_resource.TransactionsSave",
            "aws_api_gateway_rest_api.Api-Card"
          ]
        }
      ]
    },
    {
      "mode": "managed",
      "type": "aws_api_gateway_rest_api",
      "name": "Api-Card",
      "provider": "provider[\"registry.terraform.io/hashicorp/aws\"]",
      "instances": [
        {
          "schema_version": 0,
          "attributes": {
            "api_key_source": "HEADER",
            "arn": "arn:aws:apigateway:us-east-1::/restapis/91aj1j1jxd",
            "binary_media_types": [],
            "body": null,
            "created_date": "2026-03-08T17:35:33Z",
            "description": "Api para tarjetas en PIGBANCH",
            "disable_execute_api_endpoint": false,
            "endpoint_configuration": [
              {
                "ip_address_type": "ipv4",
                "types": [
                  "EDGE"
                ],
                "vpc_endpoint_ids": []
              }
            ],
            "execution_arn": "arn:aws:execute-api:us-east-1:191411384015:91aj1j1jxd",
            "fail_on_warnings": null,
            "id": "91aj1j1jxd",
            "minimum_compression_size": "",
            "name": "card-service-api",
            "parameters": null,
            "policy": "",
            "put_rest_api_mode": null,
            "region": "us-east-1",
            "root_resource_id": "rky2uothkg",
            "tags": {},
            "tags_all": {}
          },
          "sensitive_attributes": [],
          "identity_schema_version": 0,
          "private": "bnVsbA=="
        }
      ]
    }
  ],
  "check_results": null
}
